
Microsoft Visual Studio Solution File, Format Version 12.00
# Visual Studio Version 17
VisualStudioVersion = 17.11.35303.130
MinimumVisualStudioVersion = 10.0.40219.1
Project("{FAE04EC0-301F-11D3-BF4B-00C04F79EFBC}") = "Labb 3 NY version 2024-09-27", "Labb 3 NY version 2024-09-27\Labb 3 NY version 2024-09-27.csproj", "{B63D5210-FBC8-4B18-B943-7085A9EBF05F}"
EndProject
Global
	GlobalSection(SolutionConfigurationPlatforms) = preSolution
		Debug|Any CPU = Debug|Any CPU
		Release|Any CPU = Release|Any CPU
	EndGlobalSection
	GlobalSection(ProjectConfigurationPlatforms) = postSolution
		{B63D5210-FBC8-4B18-B943-7085A9EBF05F}.Debug|Any CPU.ActiveCfg = Debug|Any CPU
		{B63D5210-FBC8-4B18-B943-7085A9EBF05F}.Debug|Any CPU.Build.0 = Debug|Any CPU
		{B63D5210-FBC8-4B18-B943-7085A9EBF05F}.Release|Any CPU.ActiveCfg = Release|Any CPU
		{B63D5210-FBC8-4B18-B943-7085A9EBF05F}.Release|Any CPU.Build.0 = Release|Any CPU
	EndGlobalSection
	GlobalSection(SolutionProperties) = preSolution
		HideSolutionNode = FALSE
	EndGlobalSection
	GlobalSection(ExtensibilityGlobals) = postSolution
		SolutionGuid = {6F4A404B-45E3-478F-8A09-FEFF5A9D4523}
	EndGlobalSection
EndGlobal
